
Microsoft Visual Studio Solution File, Format Version 12.00
# Visual Studio Version 16
VisualStudioVersion = 16.0.29613.14
MinimumVisualStudioVersion = 10.0.40219.1
Project("{FAE04EC0-301F-11D3-BF4B-00C04F79EFBC}") = "Patrones GoF", "Patrones GoF\Patrones GoF.csproj", "{0C2AE376-9D27-43F5-84B0-56DB3B701D0F}"
EndProject
Global
	GlobalSection(SolutionConfigurationPlatforms) = preSolution
		Debug|Any CPU = Debug|Any CPU
		Release|Any CPU = Release|Any CPU
	EndGlobalSection
	GlobalSection(ProjectConfigurationPlatforms) = postSolution
		{0C2AE376-9D27-43F5-84B0-56DB3B701D0F}.Debug|Any CPU.ActiveCfg = Debug|Any CPU
		{0C2AE376-9D27-43F5-84B0-56DB3B701D0F}.Debug|Any CPU.Build.0 = Debug|Any CPU
		{0C2AE376-9D27-43F5-84B0-56DB3B701D0F}.Release|Any CPU.ActiveCfg = Release|Any CPU
		{0C2AE376-9D27-43F5-84B0-56DB3B701D0F}.Release|Any CPU.Build.0 = Release|Any CPU
	EndGlobalSection
	GlobalSection(SolutionProperties) = preSolution
		HideSolutionNode = FALSE
	EndGlobalSection
	GlobalSection(ExtensibilityGlobals) = postSolution
		SolutionGuid = {6A8178D2-EF58-41EE-A4BD-7DE5AC95480C}
	EndGlobalSection
EndGlobal
